
Microsoft Visual Studio Solution File, Format Version 12.00
# Visual Studio Version 17
VisualStudioVersion = 17.13.35825.156 d17.13
MinimumVisualStudioVersion = 10.0.40219.1
Project("{FAE04EC0-301F-11D3-BF4B-00C04F79EFBC}") = "Unidad1Quiz", "Unidad1Quiz\Unidad1Quiz.csproj", "{B0B2B47A-668D-432B-A411-35A968667A3E}"
EndProject
Project("{FAE04EC0-301F-11D3-BF4B-00C04F79EFBC}") = "QuizCliente", "QuizCliente\QuizCliente.csproj", "{A33E0552-4904-4556-9853-9ED88C953A58}"
EndProject
Global
	GlobalSection(SolutionConfigurationPlatforms) = preSolution
		Debug|Any CPU = Debug|Any CPU
		Release|Any CPU = Release|Any CPU
	EndGlobalSection
	GlobalSection(ProjectConfigurationPlatforms) = postSolution
		{B0B2B47A-668D-432B-A411-35A968667A3E}.Debug|Any CPU.ActiveCfg = Debug|Any CPU
		{B0B2B47A-668D-432B-A411-35A968667A3E}.Debug|Any CPU.Build.0 = Debug|Any CPU
		{B0B2B47A-668D-432B-A411-35A968667A3E}.Release|Any CPU.ActiveCfg = Release|Any CPU
		{B0B2B47A-668D-432B-A411-35A968667A3E}.Release|Any CPU.Build.0 = Release|Any CPU
		{A33E0552-4904-4556-9853-9ED88C953A58}.Debug|Any CPU.ActiveCfg = Debug|Any CPU
		{A33E0552-4904-4556-9853-9ED88C953A58}.Debug|Any CPU.Build.0 = Debug|Any CPU
		{A33E0552-4904-4556-9853-9ED88C953A58}.Release|Any CPU.ActiveCfg = Release|Any CPU
		{A33E0552-4904-4556-9853-9ED88C953A58}.Release|Any CPU.Build.0 = Release|Any CPU
	EndGlobalSection
	GlobalSection(SolutionProperties) = preSolution
		HideSolutionNode = FALSE
	EndGlobalSection
	GlobalSection(ExtensibilityGlobals) = postSolution
		SolutionGuid = {06D9EC13-1D13-4171-8F7F-21B6E0C76C7E}
	EndGlobalSection
EndGlobal
